
Microsoft Visual Studio Solution File, Format Version 12.00
# Visual Studio Version 17
VisualStudioVersion = 17.14.36109.1 d17.14
MinimumVisualStudioVersion = 10.0.40219.1
Project("{FAE04EC0-301F-11D3-BF4B-00C04F79EFBC}") = "SmartRun.WebApi", "SmartRun\SmartRun.WebApi.csproj", "{F8E77CDA-F48A-4EC3-AA4A-0EC068870705}"
EndProject
Project("{2150E333-8FDC-42A3-9474-1A3956D46DE8}") = "src", "src", "{02EA681E-C7D8-13C7-8484-4AC65E1B71E8}"
EndProject
Project("{2150E333-8FDC-42A3-9474-1A3956D46DE8}") = "tst", "tst", "{F3CD3BB2-F88D-4173-97B9-50BED35C80DD}"
EndProject
Project("{FAE04EC0-301F-11D3-BF4B-00C04F79EFBC}") = "SmartRun.Application", "SmartRun.Application\SmartRun.Application.csproj", "{025A1004-7314-474F-A2D7-9FFAAB26B530}"
EndProject
Project("{FAE04EC0-301F-11D3-BF4B-00C04F79EFBC}") = "SmartRun.Domain", "SmartRun.Domain\SmartRun.Domain.csproj", "{9E88C99D-0144-45F5-AA57-2AD894B02DD3}"
EndProject
Project("{FAE04EC0-301F-11D3-BF4B-00C04F79EFBC}") = "SmartRun.Infrastructure", "SmartRun.Infrastructure\SmartRun.Infrastructure.csproj", "{1C4882EA-045D-464D-9566-9AB53FEA7851}"
EndProject
Global
	GlobalSection(SolutionConfigurationPlatforms) = preSolution
		Debug|Any CPU = Debug|Any CPU
		Release|Any CPU = Release|Any CPU
	EndGlobalSection
	GlobalSection(ProjectConfigurationPlatforms) = postSolution
		{F8E77CDA-F48A-4EC3-AA4A-0EC068870705}.Debug|Any CPU.ActiveCfg = Debug|Any CPU
		{F8E77CDA-F48A-4EC3-AA4A-0EC068870705}.Debug|Any CPU.Build.0 = Debug|Any CPU
		{F8E77CDA-F48A-4EC3-AA4A-0EC068870705}.Release|Any CPU.ActiveCfg = Release|Any CPU
		{F8E77CDA-F48A-4EC3-AA4A-0EC068870705}.Release|Any CPU.Build.0 = Release|Any CPU
		{025A1004-7314-474F-A2D7-9FFAAB26B530}.Debug|Any CPU.ActiveCfg = Debug|Any CPU
		{025A1004-7314-474F-A2D7-9FFAAB26B530}.Debug|Any CPU.Build.0 = Debug|Any CPU
		{025A1004-7314-474F-A2D7-9FFAAB26B530}.Release|Any CPU.ActiveCfg = Release|Any CPU
		{025A1004-7314-474F-A2D7-9FFAAB26B530}.Release|Any CPU.Build.0 = Release|Any CPU
		{9E88C99D-0144-45F5-AA57-2AD894B02DD3}.Debug|Any CPU.ActiveCfg = Debug|Any CPU
		{9E88C99D-0144-45F5-AA57-2AD894B02DD3}.Debug|Any CPU.Build.0 = Debug|Any CPU
		{9E88C99D-0144-45F5-AA57-2AD894B02DD3}.Release|Any CPU.ActiveCfg = Release|Any CPU
		{9E88C99D-0144-45F5-AA57-2AD894B02DD3}.Release|Any CPU.Build.0 = Release|Any CPU
		{1C4882EA-045D-464D-9566-9AB53FEA7851}.Debug|Any CPU.ActiveCfg = Debug|Any CPU
		{1C4882EA-045D-464D-9566-9AB53FEA7851}.Debug|Any CPU.Build.0 = Debug|Any CPU
		{1C4882EA-045D-464D-9566-9AB53FEA7851}.Release|Any CPU.ActiveCfg = Release|Any CPU
		{1C4882EA-045D-464D-9566-9AB53FEA7851}.Release|Any CPU.Build.0 = Release|Any CPU
	EndGlobalSection
	GlobalSection(SolutionProperties) = preSolution
		HideSolutionNode = FALSE
	EndGlobalSection
	GlobalSection(NestedProjects) = preSolution
		{F8E77CDA-F48A-4EC3-AA4A-0EC068870705} = {02EA681E-C7D8-13C7-8484-4AC65E1B71E8}
		{025A1004-7314-474F-A2D7-9FFAAB26B530} = {02EA681E-C7D8-13C7-8484-4AC65E1B71E8}
		{9E88C99D-0144-45F5-AA57-2AD894B02DD3} = {02EA681E-C7D8-13C7-8484-4AC65E1B71E8}
		{1C4882EA-045D-464D-9566-9AB53FEA7851} = {02EA681E-C7D8-13C7-8484-4AC65E1B71E8}
	EndGlobalSection
	GlobalSection(ExtensibilityGlobals) = postSolution
		SolutionGuid = {D8FBCBC6-A1D5-43C2-A8CC-406BE9895EDC}
	EndGlobalSection
EndGlobal
